{
    "_meta": {
        "hash": {
            "sha256": "fbddb929bf912b5bfeadea17533090a5d737a72c80fc69df652929f979ff34c6"
        },
        "pipfile-spec": 6,
        "requires": {
            "python_version": "3.8"
        },
        "sources": [
            {
                "name": "pypi",
                "url": "https://pypi.org/simple",
                "verify_ssl": true
            }
        ]
    },
    "default": {
        "hurry.filesize": {
            "hashes": [
                "sha256:f5368329adbef86accd3bc9490522340bb79260455ae89b1a42c10f63801b9a6"
            ],
            "index": "pypi",
            "version": "==0.9"
        },
        "youtube-dl": {
            "hashes": [
                "sha256:263e04d53fb8ba3dfbd246ad09b7d388e896c132a20cc770c26ee7684de050ac",
                "sha256:cb2d3ee002158ede783e97a82c95f3817594df54367ea6a77ce5ceea4772f0ab"
            ],
            "index": "pypi",
            "version": "==2021.6.6"
        }
    },
    "develop": {}
}
